{
  "name": "@fairoz9961/subagents-ide",
  "version": "2.0.1",
  "lockfileVersion": 3,
  "requires": true,
  "packages": {
    "": {
      "name": "@fairoz9961/subagents-ide",
      "version": "2.0.1",
      "license": "MIT",
      "dependencies": {
        "@fairoz9961/subagents-ide": "^2.0.1"
      },
      "bin": {
        "create-subagents-ide": "bin/cli.js",
        "subagents-ide": "bin/cli.js"
      }
    },
    "node_modules/@fairoz9961/subagents-ide": {
      "version": "2.0.1",
      "resolved": "https://registry.npmjs.org/@fairoz9961/subagents-ide/-/subagents-ide-2.0.1.tgz",
      "integrity": "sha512-Kaom4YielzbgYGHVeRZq8ScX0tMt7hAZ9HPxPRRqkxpltRQU8RJ0J7Zo4VpJwWxH23IEXYuhintDYQmjdFkgMQ==",
      "license": "MIT",
      "bin": {
        "create-subagents-ide": "bin/cli.js",
        "subagents-ide": "bin/cli.js"
      }
    }
  }
}
